dependencies:
  bq76930:
    component_hash: null
    source:
      path: C:\Users\Tim\Documents\Github repositories\bq76930-esp-idf-driver\bq76930
      type: local
    version: 0.0.1
  idf:
    component_hash: null
    source:
      type: idf
    version: 5.1.3
manifest_hash: 5e421d518e4480f27b678c10821ccaff1b76a2ea8eb49caa3024f8296496f3cb
target: esp32c3
version: 1.0.0
