dependencies:
  bq76930:
    component_hash: null
    source:
      path: C:\Users\Tim\Documents\Github repositories\bq76930
      type: local
    version: 0.0.1
  idf:
    component_hash: null
    source:
      type: idf
    version: 5.1.3
manifest_hash: 1a546bd42ccd90fd006738323a1adfea7404bd43177562aa8a359a917918d2b1
target: esp32c3
version: 1.0.0
